
Microsoft Visual Studio Solution File, Format Version 12.00
# Visual Studio 15
VisualStudioVersion = 15.0.28307.572
MinimumVisualStudioVersion = 10.0.40219.1
Project("{FAE04EC0-301F-11D3-BF4B-00C04F79EFBC}") = "ConsoleApp1", "ConsoleApp1\ConsoleApp1.csproj", "{E92D2934-2422-4F61-B395-25D9FBDAADAD}"
EndProject
Global
	GlobalSection(SolutionConfigurationPlatforms) = preSolution
		Debug|Any CPU = Debug|Any CPU
		Release|Any CPU = Release|Any CPU
	EndGlobalSection
	GlobalSection(ProjectConfigurationPlatforms) = postSolution
		{E92D2934-2422-4F61-B395-25D9FBDAADAD}.Debug|Any CPU.ActiveCfg = Debug|Any CPU
		{E92D2934-2422-4F61-B395-25D9FBDAADAD}.Debug|Any CPU.Build.0 = Debug|Any CPU
		{E92D2934-2422-4F61-B395-25D9FBDAADAD}.Release|Any CPU.ActiveCfg = Release|Any CPU
		{E92D2934-2422-4F61-B395-25D9FBDAADAD}.Release|Any CPU.Build.0 = Release|Any CPU
	EndGlobalSection
	GlobalSection(SolutionProperties) = preSolution
		HideSolutionNode = FALSE
	EndGlobalSection
	GlobalSection(ExtensibilityGlobals) = postSolution
		SolutionGuid = {0E0A60D1-F7AA-4CA0-B182-0AF79A5CADAF}
	EndGlobalSection
EndGlobal
