
Microsoft Visual Studio Solution File, Format Version 12.00
# Visual Studio 15
VisualStudioVersion = 15.0.28307.572
MinimumVisualStudioVersion = 10.0.40219.1
Project("{FAE04EC0-301F-11D3-BF4B-00C04F79EFBC}") = "KR", "KR\KR.csproj", "{7BDA658B-652C-412B-B6E1-49AC51C6C6C7}"
EndProject
Global
	GlobalSection(SolutionConfigurationPlatforms) = preSolution
		Debug|Any CPU = Debug|Any CPU
		Release|Any CPU = Release|Any CPU
	EndGlobalSection
	GlobalSection(ProjectConfigurationPlatforms) = postSolution
		{7BDA658B-652C-412B-B6E1-49AC51C6C6C7}.Debug|Any CPU.ActiveCfg = Debug|Any CPU
		{7BDA658B-652C-412B-B6E1-49AC51C6C6C7}.Debug|Any CPU.Build.0 = Debug|Any CPU
		{7BDA658B-652C-412B-B6E1-49AC51C6C6C7}.Release|Any CPU.ActiveCfg = Release|Any CPU
		{7BDA658B-652C-412B-B6E1-49AC51C6C6C7}.Release|Any CPU.Build.0 = Release|Any CPU
	EndGlobalSection
	GlobalSection(SolutionProperties) = preSolution
		HideSolutionNode = FALSE
	EndGlobalSection
	GlobalSection(ExtensibilityGlobals) = postSolution
		SolutionGuid = {622EB353-7C85-4A3D-A3B2-B2FC73E08773}
	EndGlobalSection
EndGlobal
