
Microsoft Visual Studio Solution File, Format Version 12.00
# Visual Studio 15
VisualStudioVersion = 15.0.28307.572
MinimumVisualStudioVersion = 10.0.40219.1
Project("{FAE04EC0-301F-11D3-BF4B-00C04F79EFBC}") = "lab16", "lab16\lab16.csproj", "{EDDB09DA-659F-4B7E-8D45-47ED45926AA9}"
EndProject
Global
	GlobalSection(SolutionConfigurationPlatforms) = preSolution
		Debug|Any CPU = Debug|Any CPU
		Release|Any CPU = Release|Any CPU
	EndGlobalSection
	GlobalSection(ProjectConfigurationPlatforms) = postSolution
		{EDDB09DA-659F-4B7E-8D45-47ED45926AA9}.Debug|Any CPU.ActiveCfg = Debug|Any CPU
		{EDDB09DA-659F-4B7E-8D45-47ED45926AA9}.Debug|Any CPU.Build.0 = Debug|Any CPU
		{EDDB09DA-659F-4B7E-8D45-47ED45926AA9}.Release|Any CPU.ActiveCfg = Release|Any CPU
		{EDDB09DA-659F-4B7E-8D45-47ED45926AA9}.Release|Any CPU.Build.0 = Release|Any CPU
	EndGlobalSection
	GlobalSection(SolutionProperties) = preSolution
		HideSolutionNode = FALSE
	EndGlobalSection
	GlobalSection(ExtensibilityGlobals) = postSolution
		SolutionGuid = {BC3952A7-18AC-4FA5-8DF7-7791EFEF728E}
	EndGlobalSection
EndGlobal
